
Microsoft Visual Studio Solution File, Format Version 12.00
# Visual Studio Version 17
VisualStudioVersion = 17.0.31903.59
MinimumVisualStudioVersion = 10.0.40219.1
Project("{2150E333-8FDC-42A3-9474-1A3956D46DE8}") = "src", "src", "{F4D2D706-192A-4DBB-8484-E3692D16C36C}"
EndProject
Project("{FAE04EC0-301F-11D3-BF4B-00C04F79EFBC}") = "NovaNein.Domain", "src\NovaNein.Domain\NovaNein.Domain.csproj", "{678BBD75-7D96-4119-858A-E90DBB0EB621}"
EndProject
Project("{FAE04EC0-301F-11D3-BF4B-00C04F79EFBC}") = "NovaNein.Datev", "src\NovaNein.Datev\NovaNein.Datev.csproj", "{301A05B4-2BDA-4734-B74A-1D0CCA5A3A4E}"
EndProject
Project("{FAE04EC0-301F-11D3-BF4B-00C04F79EFBC}") = "NovaNein.Server", "src\NovaNein.Server\NovaNein.Server.csproj", "{5ED17E1C-4E24-411C-A142-79CACF4441E1}"
EndProject
Project("{2150E333-8FDC-42A3-9474-1A3956D46DE8}") = "test", "test", "{38E76049-81AE-48C7-8CA3-83884105FEF0}"
EndProject
Project("{FAE04EC0-301F-11D3-BF4B-00C04F79EFBC}") = "NovaNein.Tests", "test\NovaNein.Tests\NovaNein.Tests.csproj", "{61B678C4-5244-400B-8173-15F1FD33B203}"
EndProject
Project("{FAE04EC0-301F-11D3-BF4B-00C04F79EFBC}") = "NovaNein.MtlsProbe", "src\NovaNein.MtlsProbe\NovaNein.MtlsProbe.csproj", "{E9AAC85F-4761-4510-A909-6AA94FFE1159}"
EndProject
Project("{FAE04EC0-301F-11D3-BF4B-00C04F79EFBC}") = "NovaNein.SapAddon", "src\NovaNein.SapAddon\NovaNein.SapAddon.csproj", "{1F21D794-567C-4413-995C-B8E26CC93607}"
EndProject
Project("{FAE04EC0-301F-11D3-BF4B-00C04F79EFBC}") = "NovaNein.SapAddonHost", "src\NovaNein.SapAddonHost\NovaNein.SapAddonHost.csproj", "{F03BB5FA-6141-4192-839A-E652ACD10274}"
EndProject
Project("{FAE04EC0-301F-11D3-BF4B-00C04F79EFBC}") = "NovaNein.SapAddonInstaller", "src\NovaNein.SapAddonInstaller\NovaNein.SapAddonInstaller.csproj", "{9AD47787-A98F-460C-9068-800D0B2B9010}"
EndProject
Project("{FAE04EC0-301F-11D3-BF4B-00C04F79EFBC}") = "NovaNein.DatevBridge", "src\NovaNein.DatevBridge\NovaNein.DatevBridge.csproj", "{43EEE38C-2AE1-4AC1-9EC7-9FBEB1EF5858}"
EndProject
Global
	GlobalSection(SolutionConfigurationPlatforms) = preSolution
		Debug|Any CPU = Debug|Any CPU
		Release|Any CPU = Release|Any CPU
	EndGlobalSection
	GlobalSection(SolutionProperties) = preSolution
		HideSolutionNode = FALSE
	EndGlobalSection
	GlobalSection(ProjectConfigurationPlatforms) = postSolution
		{678BBD75-7D96-4119-858A-E90DBB0EB621}.Debug|Any CPU.ActiveCfg = Debug|Any CPU
		{678BBD75-7D96-4119-858A-E90DBB0EB621}.Debug|Any CPU.Build.0 = Debug|Any CPU
		{678BBD75-7D96-4119-858A-E90DBB0EB621}.Release|Any CPU.ActiveCfg = Release|Any CPU
		{678BBD75-7D96-4119-858A-E90DBB0EB621}.Release|Any CPU.Build.0 = Release|Any CPU
		{301A05B4-2BDA-4734-B74A-1D0CCA5A3A4E}.Debug|Any CPU.ActiveCfg = Debug|Any CPU
		{301A05B4-2BDA-4734-B74A-1D0CCA5A3A4E}.Debug|Any CPU.Build.0 = Debug|Any CPU
		{301A05B4-2BDA-4734-B74A-1D0CCA5A3A4E}.Release|Any CPU.ActiveCfg = Release|Any CPU
		{301A05B4-2BDA-4734-B74A-1D0CCA5A3A4E}.Release|Any CPU.Build.0 = Release|Any CPU
		{5ED17E1C-4E24-411C-A142-79CACF4441E1}.Debug|Any CPU.ActiveCfg = Debug|Any CPU
		{5ED17E1C-4E24-411C-A142-79CACF4441E1}.Debug|Any CPU.Build.0 = Debug|Any CPU
		{5ED17E1C-4E24-411C-A142-79CACF4441E1}.Release|Any CPU.ActiveCfg = Release|Any CPU
		{5ED17E1C-4E24-411C-A142-79CACF4441E1}.Release|Any CPU.Build.0 = Release|Any CPU
		{61B678C4-5244-400B-8173-15F1FD33B203}.Debug|Any CPU.ActiveCfg = Debug|Any CPU
		{61B678C4-5244-400B-8173-15F1FD33B203}.Debug|Any CPU.Build.0 = Debug|Any CPU
		{61B678C4-5244-400B-8173-15F1FD33B203}.Release|Any CPU.ActiveCfg = Release|Any CPU
		{61B678C4-5244-400B-8173-15F1FD33B203}.Release|Any CPU.Build.0 = Release|Any CPU
		{E9AAC85F-4761-4510-A909-6AA94FFE1159}.Debug|Any CPU.ActiveCfg = Debug|Any CPU
		{E9AAC85F-4761-4510-A909-6AA94FFE1159}.Debug|Any CPU.Build.0 = Debug|Any CPU
		{E9AAC85F-4761-4510-A909-6AA94FFE1159}.Release|Any CPU.ActiveCfg = Release|Any CPU
		{E9AAC85F-4761-4510-A909-6AA94FFE1159}.Release|Any CPU.Build.0 = Release|Any CPU
		{1F21D794-567C-4413-995C-B8E26CC93607}.Debug|Any CPU.ActiveCfg = Debug|Any CPU
		{1F21D794-567C-4413-995C-B8E26CC93607}.Debug|Any CPU.Build.0 = Debug|Any CPU
		{1F21D794-567C-4413-995C-B8E26CC93607}.Release|Any CPU.ActiveCfg = Release|Any CPU
		{1F21D794-567C-4413-995C-B8E26CC93607}.Release|Any CPU.Build.0 = Release|Any CPU
		{F03BB5FA-6141-4192-839A-E652ACD10274}.Debug|Any CPU.ActiveCfg = Debug|Any CPU
		{F03BB5FA-6141-4192-839A-E652ACD10274}.Debug|Any CPU.Build.0 = Debug|Any CPU
		{F03BB5FA-6141-4192-839A-E652ACD10274}.Release|Any CPU.ActiveCfg = Release|Any CPU
		{F03BB5FA-6141-4192-839A-E652ACD10274}.Release|Any CPU.Build.0 = Release|Any CPU
		{9AD47787-A98F-460C-9068-800D0B2B9010}.Debug|Any CPU.ActiveCfg = Debug|Any CPU
		{9AD47787-A98F-460C-9068-800D0B2B9010}.Debug|Any CPU.Build.0 = Debug|Any CPU
		{9AD47787-A98F-460C-9068-800D0B2B9010}.Release|Any CPU.ActiveCfg = Release|Any CPU
		{9AD47787-A98F-460C-9068-800D0B2B9010}.Release|Any CPU.Build.0 = Release|Any CPU
		{43EEE38C-2AE1-4AC1-9EC7-9FBEB1EF5858}.Debug|Any CPU.ActiveCfg = Debug|Any CPU
		{43EEE38C-2AE1-4AC1-9EC7-9FBEB1EF5858}.Debug|Any CPU.Build.0 = Debug|Any CPU
		{43EEE38C-2AE1-4AC1-9EC7-9FBEB1EF5858}.Release|Any CPU.ActiveCfg = Release|Any CPU
		{43EEE38C-2AE1-4AC1-9EC7-9FBEB1EF5858}.Release|Any CPU.Build.0 = Release|Any CPU
	EndGlobalSection
	GlobalSection(NestedProjects) = preSolution
		{678BBD75-7D96-4119-858A-E90DBB0EB621} = {F4D2D706-192A-4DBB-8484-E3692D16C36C}
		{301A05B4-2BDA-4734-B74A-1D0CCA5A3A4E} = {F4D2D706-192A-4DBB-8484-E3692D16C36C}
		{5ED17E1C-4E24-411C-A142-79CACF4441E1} = {F4D2D706-192A-4DBB-8484-E3692D16C36C}
		{61B678C4-5244-400B-8173-15F1FD33B203} = {38E76049-81AE-48C7-8CA3-83884105FEF0}
		{E9AAC85F-4761-4510-A909-6AA94FFE1159} = {F4D2D706-192A-4DBB-8484-E3692D16C36C}
		{1F21D794-567C-4413-995C-B8E26CC93607} = {F4D2D706-192A-4DBB-8484-E3692D16C36C}
		{F03BB5FA-6141-4192-839A-E652ACD10274} = {F4D2D706-192A-4DBB-8484-E3692D16C36C}
		{9AD47787-A98F-460C-9068-800D0B2B9010} = {F4D2D706-192A-4DBB-8484-E3692D16C36C}
		{43EEE38C-2AE1-4AC1-9EC7-9FBEB1EF5858} = {F4D2D706-192A-4DBB-8484-E3692D16C36C}
	EndGlobalSection
EndGlobal
